
Microsoft Visual Studio Solution File, Format Version 12.00
# Visual Studio Express 2012 for Windows Desktop
Project("{2150E333-8FDC-42A3-9474-1A3956D46DE8}") = "Ch.03", "Ch.03", "{765E7B51-3482-4523-AE2F-6299401EDD0B}"
EndProject
Project("{2150E333-8FDC-42A3-9474-1A3956D46DE8}") = "Ch.04", "Ch.04", "{19AAE183-5C23-437D-BEEF-8CE04B4D4E4C}"
EndProject
Project("{2150E333-8FDC-42A3-9474-1A3956D46DE8}") = "Ch.05", "Ch.05", "{677D0C4F-1C08-43A4-A30F-627F4FC269C4}"
EndProject
Project("{2150E333-8FDC-42A3-9474-1A3956D46DE8}") = "Ch.06", "Ch.06", "{C08E42D1-21B2-47EF-99A6-20AA0D1926EE}"
EndProject
Project("{2150E333-8FDC-42A3-9474-1A3956D46DE8}") = "Ch.07", "Ch.07", "{33E65DA0-B633-41B4-A830-7F21F7CF463A}"
EndProject
Project("{2150E333-8FDC-42A3-9474-1A3956D46DE8}") = "Ch.08", "Ch.08", "{F110CB07-71E2-47C4-B5F4-B15F41C9A9A8}"
EndProject
Project("{2150E333-8FDC-42A3-9474-1A3956D46DE8}") = "Ch.09", "Ch.09", "{42C06F84-E829-499C-AE23-DE5B36C16AA8}"
EndProject
Project("{2150E333-8FDC-42A3-9474-1A3956D46DE8}") = "Ch.10", "Ch.10", "{61130EBF-A728-463A-8F0B-F31CFF540D77}"
EndProject
Project("{2150E333-8FDC-42A3-9474-1A3956D46DE8}") = "Ch.11", "Ch.11", "{6666C520-F98E-411E-9A3D-96F0DF148BA4}"
EndProject
Project("{2150E333-8FDC-42A3-9474-1A3956D46DE8}") = "Ch.12", "Ch.12", "{895266E3-D3F8-4A58-8DA1-12A9B93DFFAD}"
EndProject
Project("{2150E333-8FDC-42A3-9474-1A3956D46DE8}") = "Ch.13", "Ch.13", "{0A9D1B83-FA44-49C4-9B0C-325BB73EC71C}"
EndProject
Project("{2150E333-8FDC-42A3-9474-1A3956D46DE8}") = "Ch.14", "Ch.14", "{90A0103A-3638-4C92-B6FA-67BF43E2D337}"
EndProject
Project("{2150E333-8FDC-42A3-9474-1A3956D46DE8}") = "Ch.15", "Ch.15", "{33159678-DB93-4B2D-8C32-861725CEAD52}"
EndProject
Project("{2150E333-8FDC-42A3-9474-1A3956D46DE8}") = "Ch.16", "Ch.16", "{8A37A36E-5135-4043-B142-BB2A49916D0E}"
EndProject
Project("{2150E333-8FDC-42A3-9474-1A3956D46DE8}") = "Ch.17", "Ch.17", "{7D3A3D8B-B059-4A4F-ABF0-A102F34C60AA}"
EndProject
Project("{2150E333-8FDC-42A3-9474-1A3956D46DE8}") = "Ch.18", "Ch.18", "{1B4A6D11-5E28-4DC7-A65A-F42962BAF10C}"
EndProject
Project("{2150E333-8FDC-42A3-9474-1A3956D46DE8}") = "Ch.19", "Ch.19", "{FAB8C36C-27B0-4E6D-8EB4-60B0B7BD3424}"
EndProject
Project("{2150E333-8FDC-42A3-9474-1A3956D46DE8}") = "Ch.20", "Ch.20", "{37377C9E-56F0-410F-BA7D-BACFD4D298AC}"
EndProject
Project("{2150E333-8FDC-42A3-9474-1A3956D46DE8}") = "Ch.21", "Ch.21", "{CB7D4440-D9FE-4B2B-A027-320882506000}"
EndProject
Project("{2150E333-8FDC-42A3-9474-1A3956D46DE8}") = "Ch.22", "Ch.22", "{57EDB062-2C12-4899-BA73-52AACC35E58D}"
EndProject
Project("{2150E333-8FDC-42A3-9474-1A3956D46DE8}") = "Ch.23", "Ch.23", "{DF99BA6A-8623-4580-8EBA-893C52D3436F}"
EndProject
Project("{2150E333-8FDC-42A3-9474-1A3956D46DE8}") = "Ch.24", "Ch.24", "{3E54A67E-430A-43AC-8373-794BFC12F5A6}"
EndProject
Project("{2150E333-8FDC-42A3-9474-1A3956D46DE8}") = "Ch.25", "Ch.25", "{C8C2A435-7FCF-4794-A47A-2762EE8DE1F2}"
EndProject
Project("{2150E333-8FDC-42A3-9474-1A3956D46DE8}") = "Ch.26", "Ch.26", "{E4CDEA8A-E316-4EC5-AE64-9838349C2DB8}"
EndProject
Project("{FAE04EC0-301F-11D3-BF4B-00C04F79EFBC}") = "Ch.03 - _Test and Scratch", "Ch.03\Ch.03 - _Test and Scratch\Ch.03 - _Test and Scratch.csproj", "{43AB1D9D-47B7-4968-B0DF-665F09390249}"
EndProject
Project("{FAE04EC0-301F-11D3-BF4B-00C04F79EFBC}") = "Ch.04 - _Test and Scratch", "Ch.04\Ch.04 - _Test and Scratch\Ch.04 - _Test and Scratch.csproj", "{ABBBE1C3-175F-40E8-B941-6AF4D5EDF7A5}"
EndProject
Global
	GlobalSection(SolutionConfigurationPlatforms) = preSolution
		Debug|Any CPU = Debug|Any CPU
		Release|Any CPU = Release|Any CPU
	EndGlobalSection
	GlobalSection(ProjectConfigurationPlatforms) = postSolution
		{43AB1D9D-47B7-4968-B0DF-665F09390249}.Debug|Any CPU.ActiveCfg = Debug|Any CPU
		{43AB1D9D-47B7-4968-B0DF-665F09390249}.Debug|Any CPU.Build.0 = Debug|Any CPU
		{43AB1D9D-47B7-4968-B0DF-665F09390249}.Release|Any CPU.ActiveCfg = Release|Any CPU
		{43AB1D9D-47B7-4968-B0DF-665F09390249}.Release|Any CPU.Build.0 = Release|Any CPU
		{ABBBE1C3-175F-40E8-B941-6AF4D5EDF7A5}.Debug|Any CPU.ActiveCfg = Debug|Any CPU
		{ABBBE1C3-175F-40E8-B941-6AF4D5EDF7A5}.Debug|Any CPU.Build.0 = Debug|Any CPU
		{ABBBE1C3-175F-40E8-B941-6AF4D5EDF7A5}.Release|Any CPU.ActiveCfg = Release|Any CPU
		{ABBBE1C3-175F-40E8-B941-6AF4D5EDF7A5}.Release|Any CPU.Build.0 = Release|Any CPU
	EndGlobalSection
	GlobalSection(SolutionProperties) = preSolution
		HideSolutionNode = FALSE
	EndGlobalSection
	GlobalSection(NestedProjects) = preSolution
		{43AB1D9D-47B7-4968-B0DF-665F09390249} = {765E7B51-3482-4523-AE2F-6299401EDD0B}
		{ABBBE1C3-175F-40E8-B941-6AF4D5EDF7A5} = {19AAE183-5C23-437D-BEEF-8CE04B4D4E4C}
	EndGlobalSection
EndGlobal
