
Microsoft Visual Studio Solution File, Format Version 12.00
# Visual Studio 2012
Project("{FAE04EC0-301F-11D3-BF4B-00C04F79EFBC}") = "Tiles", "Tiles\Tiles.csproj", "{BD782CBF-2797-4FD1-A51A-9E0B8104BB01}"
EndProject
Global
	GlobalSection(SolutionConfigurationPlatforms) = preSolution
		Debug|Any CPU = Debug|Any CPU
		Debug|ARM = Debug|ARM
		Debug|x64 = Debug|x64
		Debug|x86 = Debug|x86
		Release|Any CPU = Release|Any CPU
		Release|ARM = Release|ARM
		Release|x64 = Release|x64
		Release|x86 = Release|x86
	EndGlobalSection
	GlobalSection(ProjectConfigurationPlatforms) = postSolution
		{BD782CBF-2797-4FD1-A51A-9E0B8104BB01}.Debug|Any CPU.ActiveCfg = Debug|Any CPU
		{BD782CBF-2797-4FD1-A51A-9E0B8104BB01}.Debug|Any CPU.Build.0 = Debug|Any CPU
		{BD782CBF-2797-4FD1-A51A-9E0B8104BB01}.Debug|Any CPU.Deploy.0 = Debug|Any CPU
		{BD782CBF-2797-4FD1-A51A-9E0B8104BB01}.Debug|ARM.ActiveCfg = Debug|ARM
		{BD782CBF-2797-4FD1-A51A-9E0B8104BB01}.Debug|ARM.Build.0 = Debug|ARM
		{BD782CBF-2797-4FD1-A51A-9E0B8104BB01}.Debug|ARM.Deploy.0 = Debug|ARM
		{BD782CBF-2797-4FD1-A51A-9E0B8104BB01}.Debug|x64.ActiveCfg = Debug|x64
		{BD782CBF-2797-4FD1-A51A-9E0B8104BB01}.Debug|x64.Build.0 = Debug|x64
		{BD782CBF-2797-4FD1-A51A-9E0B8104BB01}.Debug|x64.Deploy.0 = Debug|x64
		{BD782CBF-2797-4FD1-A51A-9E0B8104BB01}.Debug|x86.ActiveCfg = Debug|x86
		{BD782CBF-2797-4FD1-A51A-9E0B8104BB01}.Debug|x86.Build.0 = Debug|x86
		{BD782CBF-2797-4FD1-A51A-9E0B8104BB01}.Debug|x86.Deploy.0 = Debug|x86
		{BD782CBF-2797-4FD1-A51A-9E0B8104BB01}.Release|Any CPU.ActiveCfg = Release|Any CPU
		{BD782CBF-2797-4FD1-A51A-9E0B8104BB01}.Release|Any CPU.Build.0 = Release|Any CPU
		{BD782CBF-2797-4FD1-A51A-9E0B8104BB01}.Release|Any CPU.Deploy.0 = Release|Any CPU
		{BD782CBF-2797-4FD1-A51A-9E0B8104BB01}.Release|ARM.ActiveCfg = Release|ARM
		{BD782CBF-2797-4FD1-A51A-9E0B8104BB01}.Release|ARM.Build.0 = Release|ARM
		{BD782CBF-2797-4FD1-A51A-9E0B8104BB01}.Release|ARM.Deploy.0 = Release|ARM
		{BD782CBF-2797-4FD1-A51A-9E0B8104BB01}.Release|x64.ActiveCfg = Release|x64
		{BD782CBF-2797-4FD1-A51A-9E0B8104BB01}.Release|x64.Build.0 = Release|x64
		{BD782CBF-2797-4FD1-A51A-9E0B8104BB01}.Release|x64.Deploy.0 = Release|x64
		{BD782CBF-2797-4FD1-A51A-9E0B8104BB01}.Release|x86.ActiveCfg = Release|x86
		{BD782CBF-2797-4FD1-A51A-9E0B8104BB01}.Release|x86.Build.0 = Release|x86
		{BD782CBF-2797-4FD1-A51A-9E0B8104BB01}.Release|x86.Deploy.0 = Release|x86
	EndGlobalSection
	GlobalSection(SolutionProperties) = preSolution
		HideSolutionNode = FALSE
	EndGlobalSection
EndGlobal
