
Microsoft Visual Studio Solution File, Format Version 12.00
# Visual Studio 2012
Project("{FAE04EC0-301F-11D3-BF4B-00C04F79EFBC}") = "Ch25Ex03", "Ch25Ex03\Ch25Ex03.csproj", "{43FCF534-6576-4291-9CC4-EFAC438D198F}"
EndProject
Project("{FAE04EC0-301F-11D3-BF4B-00C04F79EFBC}") = "Ch25Ex03Client", "Ch25Ex03Client\Ch25Ex03Client.csproj", "{F6519374-91F7-4226-BBBD-7510D2BDE803}"
EndProject
Global
	GlobalSection(SolutionConfigurationPlatforms) = preSolution
		Debug|Any CPU = Debug|Any CPU
		Release|Any CPU = Release|Any CPU
	EndGlobalSection
	GlobalSection(ProjectConfigurationPlatforms) = postSolution
		{43FCF534-6576-4291-9CC4-EFAC438D198F}.Debug|Any CPU.ActiveCfg = Debug|Any CPU
		{43FCF534-6576-4291-9CC4-EFAC438D198F}.Debug|Any CPU.Build.0 = Debug|Any CPU
		{43FCF534-6576-4291-9CC4-EFAC438D198F}.Release|Any CPU.ActiveCfg = Release|Any CPU
		{43FCF534-6576-4291-9CC4-EFAC438D198F}.Release|Any CPU.Build.0 = Release|Any CPU
		{F6519374-91F7-4226-BBBD-7510D2BDE803}.Debug|Any CPU.ActiveCfg = Debug|Any CPU
		{F6519374-91F7-4226-BBBD-7510D2BDE803}.Debug|Any CPU.Build.0 = Debug|Any CPU
		{F6519374-91F7-4226-BBBD-7510D2BDE803}.Release|Any CPU.ActiveCfg = Release|Any CPU
		{F6519374-91F7-4226-BBBD-7510D2BDE803}.Release|Any CPU.Build.0 = Release|Any CPU
	EndGlobalSection
	GlobalSection(SolutionProperties) = preSolution
		HideSolutionNode = FALSE
	EndGlobalSection
EndGlobal
