
Microsoft Visual Studio Solution File, Format Version 12.00
# Visual Studio 2012
Project("{FAE04EC0-301F-11D3-BF4B-00C04F79EFBC}") = "CommaValues", "CommaValues\CommaValues.csproj", "{B6573994-370A-48EE-B6D7-1AA2A7C8E2C5}"
EndProject
Global
	GlobalSection(SolutionConfigurationPlatforms) = preSolution
		Debug|Any CPU = Debug|Any CPU
		Release|Any CPU = Release|Any CPU
	EndGlobalSection
	GlobalSection(ProjectConfigurationPlatforms) = postSolution
		{B6573994-370A-48EE-B6D7-1AA2A7C8E2C5}.Debug|Any CPU.ActiveCfg = Debug|Any CPU
		{B6573994-370A-48EE-B6D7-1AA2A7C8E2C5}.Debug|Any CPU.Build.0 = Debug|Any CPU
		{B6573994-370A-48EE-B6D7-1AA2A7C8E2C5}.Release|Any CPU.ActiveCfg = Release|Any CPU
		{B6573994-370A-48EE-B6D7-1AA2A7C8E2C5}.Release|Any CPU.Build.0 = Release|Any CPU
	EndGlobalSection
	GlobalSection(SolutionProperties) = preSolution
		HideSolutionNode = FALSE
	EndGlobalSection
EndGlobal
