
Microsoft Visual Studio Solution File, Format Version 12.00
# Visual Studio 2012
Project("{FAE04EC0-301F-11D3-BF4B-00C04F79EFBC}") = "CustomAttributes", "CustomAttributes\CustomAttributes.csproj", "{AACE8B4F-7712-495D-B7F1-57882AC35C67}"
EndProject
Global
	GlobalSection(SolutionConfigurationPlatforms) = preSolution
		Debug|Any CPU = Debug|Any CPU
		Release|Any CPU = Release|Any CPU
	EndGlobalSection
	GlobalSection(ProjectConfigurationPlatforms) = postSolution
		{AACE8B4F-7712-495D-B7F1-57882AC35C67}.Debug|Any CPU.ActiveCfg = Debug|Any CPU
		{AACE8B4F-7712-495D-B7F1-57882AC35C67}.Debug|Any CPU.Build.0 = Debug|Any CPU
		{AACE8B4F-7712-495D-B7F1-57882AC35C67}.Release|Any CPU.ActiveCfg = Release|Any CPU
		{AACE8B4F-7712-495D-B7F1-57882AC35C67}.Release|Any CPU.Build.0 = Release|Any CPU
	EndGlobalSection
	GlobalSection(SolutionProperties) = preSolution
		HideSolutionNode = FALSE
	EndGlobalSection
EndGlobal
