
Microsoft Visual Studio Solution File, Format Version 12.00
# Visual Web Developer Express 11
Project("{FAE04EC0-301F-11D3-BF4B-00C04F79EFBC}") = "EventRegistration", "EventRegistration\EventRegistration.csproj", "{39146635-D8D2-4B21-941B-69D35AAB5989}"
EndProject
Global
	GlobalSection(SolutionConfigurationPlatforms) = preSolution
		Debug|Any CPU = Debug|Any CPU
		Release|Any CPU = Release|Any CPU
	EndGlobalSection
	GlobalSection(ProjectConfigurationPlatforms) = postSolution
		{39146635-D8D2-4B21-941B-69D35AAB5989}.Debug|Any CPU.ActiveCfg = Debug|Any CPU
		{39146635-D8D2-4B21-941B-69D35AAB5989}.Debug|Any CPU.Build.0 = Debug|Any CPU
		{39146635-D8D2-4B21-941B-69D35AAB5989}.Release|Any CPU.ActiveCfg = Release|Any CPU
		{39146635-D8D2-4B21-941B-69D35AAB5989}.Release|Any CPU.Build.0 = Release|Any CPU
	EndGlobalSection
	GlobalSection(SolutionProperties) = preSolution
		HideSolutionNode = FALSE
	EndGlobalSection
EndGlobal
