
Microsoft Visual Studio Solution File, Format Version 12.00
# Visual Studio 2012
Project("{FAE04EC0-301F-11D3-BF4B-00C04F79EFBC}") = "Ch14Ex01", "Ch14Ex01\Ch14Ex01.csproj", "{9A6D8435-7559-4FA0-899A-13BA58FD72AF}"
EndProject
Global
	GlobalSection(SolutionConfigurationPlatforms) = preSolution
		Debug|Any CPU = Debug|Any CPU
		Release|Any CPU = Release|Any CPU
	EndGlobalSection
	GlobalSection(ProjectConfigurationPlatforms) = postSolution
		{9A6D8435-7559-4FA0-899A-13BA58FD72AF}.Debug|Any CPU.ActiveCfg = Debug|Any CPU
		{9A6D8435-7559-4FA0-899A-13BA58FD72AF}.Debug|Any CPU.Build.0 = Debug|Any CPU
		{9A6D8435-7559-4FA0-899A-13BA58FD72AF}.Release|Any CPU.ActiveCfg = Release|Any CPU
		{9A6D8435-7559-4FA0-899A-13BA58FD72AF}.Release|Any CPU.Build.0 = Release|Any CPU
	EndGlobalSection
	GlobalSection(SolutionProperties) = preSolution
		HideSolutionNode = FALSE
	EndGlobalSection
EndGlobal
